PODS:
  - Flutter (1.0.0)
  - flutter_radio (0.0.1):
    - Flutter
  - fluttertoast (0.0.2):
    - Flutter
    - Toast
  - share (0.0.1):
    - Flutter
  - Toast (4.0.0)
  - wakelock (0.0.1):
    - Flutter
  - webview_flutter (0.0.1):
    - Flutter

DEPENDENCIES:
  - Flutter (from `Flutter`)
  - flutter_radio (from `.symlinks/plugins/flutter_radio/ios`)
  - fluttertoast (from `.symlinks/plugins/fluttertoast/ios`)
  - share (from `.symlinks/plugins/share/ios`)
  - wakelock (from `.symlinks/plugins/wakelock/ios`)
  - webview_flutter (from `.symlinks/plugins/webview_flutter/ios`)

SPEC REPOS:
  trunk:
    - Toast

EXTERNAL SOURCES:
  Flutter:
    :path: Flutter
  flutter_radio:
    :path: ".symlinks/plugins/flutter_radio/ios"
  fluttertoast:
    :path: ".symlinks/plugins/fluttertoast/ios"
  share:
    :path: ".symlinks/plugins/share/ios"
  wakelock:
    :path: ".symlinks/plugins/wakelock/ios"
  webview_flutter:
    :path: ".symlinks/plugins/webview_flutter/ios"

SPEC CHECKSUMS:
  Flutter: 0e3d915762c693b495b44d77113d4970485de6ec
  flutter_radio: 852f82f0ecb1ea21ce24bc3724e95196c6c7c936
  fluttertoast: 6122fa75143e992b1d3470f61000f591a798cc58
  share: 0b2c3e82132f5888bccca3351c504d0003b3b410
  Toast: 91b396c56ee72a5790816f40d3a94dd357abc196
  wakelock: bfc7955c418d0db797614075aabbc58a39ab5107
  webview_flutter: d2b4d6c66968ad042ad94cbb791f5b72b4678a96

PODFILE CHECKSUM: aafe91acc616949ddb318b77800a7f51bffa2a4c

COCOAPODS: 1.9.3
